
Microsoft Visual Studio Solution File, Format Version 12.00
# Visual Studio Version 17
VisualStudioVersion = 17.5.2.0
MinimumVisualStudioVersion = 10.0.40219.1
Project("{FAE04EC0-301F-11D3-BF4B-00C04F79EFBC}") = "BlogUygulaması", "BlogUygulaması\BlogUygulaması.csproj", "{0F0FF3FB-CEB3-6401-7796-8529B3A93DDA}"
EndProject
Global
	GlobalSection(SolutionConfigurationPlatforms) = preSolution
		Debug|Any CPU = Debug|Any CPU
		Release|Any CPU = Release|Any CPU
	EndGlobalSection
	GlobalSection(ProjectConfigurationPlatforms) = postSolution
		{0F0FF3FB-CEB3-6401-7796-8529B3A93DDA}.Debug|Any CPU.ActiveCfg = Debug|Any CPU
		{0F0FF3FB-CEB3-6401-7796-8529B3A93DDA}.Debug|Any CPU.Build.0 = Debug|Any CPU
		{0F0FF3FB-CEB3-6401-7796-8529B3A93DDA}.Release|Any CPU.ActiveCfg = Release|Any CPU
		{0F0FF3FB-CEB3-6401-7796-8529B3A93DDA}.Release|Any CPU.Build.0 = Release|Any CPU
	EndGlobalSection
	GlobalSection(SolutionProperties) = preSolution
		HideSolutionNode = FALSE
	EndGlobalSection
	GlobalSection(ExtensibilityGlobals) = postSolution
		SolutionGuid = {2CCBDC2C-2D45-4F2B-AEC8-650A709FD3C8}
	EndGlobalSection
EndGlobal
